
Microsoft Visual Studio Solution File, Format Version 12.00
# Visual Studio Version 17
VisualStudioVersion = 17.11.35222.181
MinimumVisualStudioVersion = 10.0.40219.1
Project("{FAE04EC0-301F-11D3-BF4B-00C04F79EFBC}") = "genetic_algorithm", "genetic_algorithm\genetic_algorithm.csproj", "{705225B8-F368-4D3E-B71A-5E107774F4BC}"
EndProject
Project("{FAE04EC0-301F-11D3-BF4B-00C04F79EFBC}") = "GeneticAlgoritmConsoleApp", "GeneticAlgoritmConsoleApp\GeneticAlgoritmConsoleApp.csproj", "{2033BA5C-26A9-4C81-9115-0DC55E1348A0}"
EndProject
Global
	GlobalSection(SolutionConfigurationPlatforms) = preSolution
		Debug|Any CPU = Debug|Any CPU
		Release|Any CPU = Release|Any CPU
	EndGlobalSection
	GlobalSection(ProjectConfigurationPlatforms) = postSolution
		{705225B8-F368-4D3E-B71A-5E107774F4BC}.Debug|Any CPU.ActiveCfg = Debug|Any CPU
		{705225B8-F368-4D3E-B71A-5E107774F4BC}.Debug|Any CPU.Build.0 = Debug|Any CPU
		{705225B8-F368-4D3E-B71A-5E107774F4BC}.Release|Any CPU.ActiveCfg = Release|Any CPU
		{705225B8-F368-4D3E-B71A-5E107774F4BC}.Release|Any CPU.Build.0 = Release|Any CPU
		{2033BA5C-26A9-4C81-9115-0DC55E1348A0}.Debug|Any CPU.ActiveCfg = Debug|Any CPU
		{2033BA5C-26A9-4C81-9115-0DC55E1348A0}.Debug|Any CPU.Build.0 = Debug|Any CPU
		{2033BA5C-26A9-4C81-9115-0DC55E1348A0}.Release|Any CPU.ActiveCfg = Release|Any CPU
		{2033BA5C-26A9-4C81-9115-0DC55E1348A0}.Release|Any CPU.Build.0 = Release|Any CPU
	EndGlobalSection
	GlobalSection(SolutionProperties) = preSolution
		HideSolutionNode = FALSE
	EndGlobalSection
	GlobalSection(ExtensibilityGlobals) = postSolution
		SolutionGuid = {80C91C69-F429-4442-A6AD-44AC7D185064}
	EndGlobalSection
EndGlobal
